Microsoft Visual Studio Solution File, Format Version 12.00
# Visual Studio Version 17
VisualStudioVersion = 17.0.31912.275
MinimumVisualStudioVersion = 15.0.26124.0
Project("{2150E333-8FDC-42A3-9474-1A3956D46DE8}") = "src", "src", "{241AF8B6-38D7-4761-AC45-48E8D60C73E7}"
EndProject
Project("{9A19103F-16F7-4668-BE54-9A1E7A4F7556}") = "Desafio.Umbler.Test", "src\Desafio.Umbler.Test\Desafio.Umbler.Test.csproj", "{B5212D4A-EC08-4FAF-9BF3-856B2EF7C467}"
EndProject
Project("{9A19103F-16F7-4668-BE54-9A1E7A4F7556}") = "Desafio.Umbler.Dominio", "src\Desafio.Umbler.Dominio\Desafio.Umbler.Dominio.csproj", "{EDA7E3A4-4DB7-49A4-AA97-72B7AB142F5E}"
EndProject
Project("{9A19103F-16F7-4668-BE54-9A1E7A4F7556}") = "Desafio.Umbler.Repositorio", "src\Desafio.Umbler.Repositorio\Desafio.Umbler.Repositorio.csproj", "{F6EEBCB8-FE58-4AE0-83C5-867229C2EA0C}"
EndProject
Project("{9A19103F-16F7-4668-BE54-9A1E7A4F7556}") = "Desafio.Umbler.Api", "src\Desafio.Umbler.Api\Desafio.Umbler.Api.csproj", "{9EEC32B0-16E6-49E2-8F57-31B807D98780}"
EndProject
Project("{54A90642-561A-4BB1-A94E-469ADEE60C69}") = "Desafio.Umbler.Web", "src\Desafio.Umbler.Web\Desafio.Umbler.Web.esproj", "{5E27A6F8-534D-4FE5-8493-9C87185C00B5}"
EndProject
Global
	GlobalSection(SolutionConfigurationPlatforms) = preSolution
		Debug|Any CPU = Debug|Any CPU
		Debug|x64 = Debug|x64
		Debug|x86 = Debug|x86
		Release|Any CPU = Release|Any CPU
		Release|x64 = Release|x64
		Release|x86 = Release|x86
	EndGlobalSection
	GlobalSection(ProjectConfigurationPlatforms) = postSolution
		{B5212D4A-EC08-4FAF-9BF3-856B2EF7C467}.Debug|Any CPU.ActiveCfg = Debug|Any CPU
		{B5212D4A-EC08-4FAF-9BF3-856B2EF7C467}.Debug|Any CPU.Build.0 = Debug|Any CPU
		{B5212D4A-EC08-4FAF-9BF3-856B2EF7C467}.Debug|x64.ActiveCfg = Debug|Any CPU
		{B5212D4A-EC08-4FAF-9BF3-856B2EF7C467}.Debug|x64.Build.0 = Debug|Any CPU
		{B5212D4A-EC08-4FAF-9BF3-856B2EF7C467}.Debug|x86.ActiveCfg = Debug|Any CPU
		{B5212D4A-EC08-4FAF-9BF3-856B2EF7C467}.Debug|x86.Build.0 = Debug|Any CPU
		{B5212D4A-EC08-4FAF-9BF3-856B2EF7C467}.Release|Any CPU.ActiveCfg = Release|Any CPU
		{B5212D4A-EC08-4FAF-9BF3-856B2EF7C467}.Release|Any CPU.Build.0 = Release|Any CPU
		{B5212D4A-EC08-4FAF-9BF3-856B2EF7C467}.Release|x64.ActiveCfg = Release|Any CPU
		{B5212D4A-EC08-4FAF-9BF3-856B2EF7C467}.Release|x64.Build.0 = Release|Any CPU
		{B5212D4A-EC08-4FAF-9BF3-856B2EF7C467}.Release|x86.ActiveCfg = Release|Any CPU
		{B5212D4A-EC08-4FAF-9BF3-856B2EF7C467}.Release|x86.Build.0 = Release|Any CPU
		{EDA7E3A4-4DB7-49A4-AA97-72B7AB142F5E}.Debug|Any CPU.ActiveCfg = Debug|Any CPU
		{EDA7E3A4-4DB7-49A4-AA97-72B7AB142F5E}.Debug|Any CPU.Build.0 = Debug|Any CPU
		{EDA7E3A4-4DB7-49A4-AA97-72B7AB142F5E}.Debug|x64.ActiveCfg = Debug|Any CPU
		{EDA7E3A4-4DB7-49A4-AA97-72B7AB142F5E}.Debug|x64.Build.0 = Debug|Any CPU
		{EDA7E3A4-4DB7-49A4-AA97-72B7AB142F5E}.Debug|x86.ActiveCfg = Debug|Any CPU
		{EDA7E3A4-4DB7-49A4-AA97-72B7AB142F5E}.Debug|x86.Build.0 = Debug|Any CPU
		{EDA7E3A4-4DB7-49A4-AA97-72B7AB142F5E}.Release|Any CPU.ActiveCfg = Release|Any CPU
		{EDA7E3A4-4DB7-49A4-AA97-72B7AB142F5E}.Release|Any CPU.Build.0 = Release|Any CPU
		{EDA7E3A4-4DB7-49A4-AA97-72B7AB142F5E}.Release|x64.ActiveCfg = Release|Any CPU
		{EDA7E3A4-4DB7-49A4-AA97-72B7AB142F5E}.Release|x64.Build.0 = Release|Any CPU
		{EDA7E3A4-4DB7-49A4-AA97-72B7AB142F5E}.Release|x86.ActiveCfg = Release|Any CPU
		{EDA7E3A4-4DB7-49A4-AA97-72B7AB142F5E}.Release|x86.Build.0 = Release|Any CPU
		{F6EEBCB8-FE58-4AE0-83C5-867229C2EA0C}.Debug|Any CPU.ActiveCfg = Debug|Any CPU
		{F6EEBCB8-FE58-4AE0-83C5-867229C2EA0C}.Debug|Any CPU.Build.0 = Debug|Any CPU
		{F6EEBCB8-FE58-4AE0-83C5-867229C2EA0C}.Debug|x64.ActiveCfg = Debug|Any CPU
		{F6EEBCB8-FE58-4AE0-83C5-867229C2EA0C}.Debug|x64.Build.0 = Debug|Any CPU
		{F6EEBCB8-FE58-4AE0-83C5-867229C2EA0C}.Debug|x86.ActiveCfg = Debug|Any CPU
		{F6EEBCB8-FE58-4AE0-83C5-867229C2EA0C}.Debug|x86.Build.0 = Debug|Any CPU
		{F6EEBCB8-FE58-4AE0-83C5-867229C2EA0C}.Release|Any CPU.ActiveCfg = Release|Any CPU
		{F6EEBCB8-FE58-4AE0-83C5-867229C2EA0C}.Release|Any CPU.Build.0 = Release|Any CPU
		{F6EEBCB8-FE58-4AE0-83C5-867229C2EA0C}.Release|x64.ActiveCfg = Release|Any CPU
		{F6EEBCB8-FE58-4AE0-83C5-867229C2EA0C}.Release|x64.Build.0 = Release|Any CPU
		{F6EEBCB8-FE58-4AE0-83C5-867229C2EA0C}.Release|x86.ActiveCfg = Release|Any CPU
		{F6EEBCB8-FE58-4AE0-83C5-867229C2EA0C}.Release|x86.Build.0 = Release|Any CPU
		{9EEC32B0-16E6-49E2-8F57-31B807D98780}.Debug|Any CPU.ActiveCfg = Debug|Any CPU
		{9EEC32B0-16E6-49E2-8F57-31B807D98780}.Debug|Any CPU.Build.0 = Debug|Any CPU
		{9EEC32B0-16E6-49E2-8F57-31B807D98780}.Debug|x64.ActiveCfg = Debug|Any CPU
		{9EEC32B0-16E6-49E2-8F57-31B807D98780}.Debug|x64.Build.0 = Debug|Any CPU
		{9EEC32B0-16E6-49E2-8F57-31B807D98780}.Debug|x86.ActiveCfg = Debug|Any CPU
		{9EEC32B0-16E6-49E2-8F57-31B807D98780}.Debug|x86.Build.0 = Debug|Any CPU
		{9EEC32B0-16E6-49E2-8F57-31B807D98780}.Release|Any CPU.ActiveCfg = Release|Any CPU
		{9EEC32B0-16E6-49E2-8F57-31B807D98780}.Release|Any CPU.Build.0 = Release|Any CPU
		{9EEC32B0-16E6-49E2-8F57-31B807D98780}.Release|x64.ActiveCfg = Release|Any CPU
		{9EEC32B0-16E6-49E2-8F57-31B807D98780}.Release|x64.Build.0 = Release|Any CPU
		{9EEC32B0-16E6-49E2-8F57-31B807D98780}.Release|x86.ActiveCfg = Release|Any CPU
		{9EEC32B0-16E6-49E2-8F57-31B807D98780}.Release|x86.Build.0 = Release|Any CPU
		{5E27A6F8-534D-4FE5-8493-9C87185C00B5}.Debug|Any CPU.ActiveCfg = Debug|Any CPU
		{5E27A6F8-534D-4FE5-8493-9C87185C00B5}.Debug|Any CPU.Build.0 = Debug|Any CPU
		{5E27A6F8-534D-4FE5-8493-9C87185C00B5}.Debug|Any CPU.Deploy.0 = Debug|Any CPU
		{5E27A6F8-534D-4FE5-8493-9C87185C00B5}.Debug|x64.ActiveCfg = Debug|Any CPU
		{5E27A6F8-534D-4FE5-8493-9C87185C00B5}.Debug|x64.Build.0 = Debug|Any CPU
		{5E27A6F8-534D-4FE5-8493-9C87185C00B5}.Debug|x64.Deploy.0 = Debug|Any CPU
		{5E27A6F8-534D-4FE5-8493-9C87185C00B5}.Debug|x86.ActiveCfg = Debug|Any CPU
		{5E27A6F8-534D-4FE5-8493-9C87185C00B5}.Debug|x86.Build.0 = Debug|Any CPU
		{5E27A6F8-534D-4FE5-8493-9C87185C00B5}.Debug|x86.Deploy.0 = Debug|Any CPU
		{5E27A6F8-534D-4FE5-8493-9C87185C00B5}.Release|Any CPU.ActiveCfg = Release|Any CPU
		{5E27A6F8-534D-4FE5-8493-9C87185C00B5}.Release|Any CPU.Build.0 = Release|Any CPU
		{5E27A6F8-534D-4FE5-8493-9C87185C00B5}.Release|Any CPU.Deploy.0 = Release|Any CPU
		{5E27A6F8-534D-4FE5-8493-9C87185C00B5}.Release|x64.ActiveCfg = Release|Any CPU
		{5E27A6F8-534D-4FE5-8493-9C87185C00B5}.Release|x64.Build.0 = Release|Any CPU
		{5E27A6F8-534D-4FE5-8493-9C87185C00B5}.Release|x64.Deploy.0 = Release|Any CPU
		{5E27A6F8-534D-4FE5-8493-9C87185C00B5}.Release|x86.ActiveCfg = Release|Any CPU
		{5E27A6F8-534D-4FE5-8493-9C87185C00B5}.Release|x86.Build.0 = Release|Any CPU
		{5E27A6F8-534D-4FE5-8493-9C87185C00B5}.Release|x86.Deploy.0 = Release|Any CPU
	EndGlobalSection
	GlobalSection(SolutionProperties) = preSolution
		HideSolutionNode = FALSE
	EndGlobalSection
	GlobalSection(NestedProjects) = preSolution
		{B5212D4A-EC08-4FAF-9BF3-856B2EF7C467} = {241AF8B6-38D7-4761-AC45-48E8D60C73E7}
		{EDA7E3A4-4DB7-49A4-AA97-72B7AB142F5E} = {241AF8B6-38D7-4761-AC45-48E8D60C73E7}
		{F6EEBCB8-FE58-4AE0-83C5-867229C2EA0C} = {241AF8B6-38D7-4761-AC45-48E8D60C73E7}
		{9EEC32B0-16E6-49E2-8F57-31B807D98780} = {241AF8B6-38D7-4761-AC45-48E8D60C73E7}
		{5E27A6F8-534D-4FE5-8493-9C87185C00B5} = {241AF8B6-38D7-4761-AC45-48E8D60C73E7}
	EndGlobalSection
	GlobalSection(ExtensibilityGlobals) = postSolution
		SolutionGuid = {98EF7103-B2B5-4C41-95C1-867823FB313B}
	EndGlobalSection
EndGlobal
